
Microsoft Visual Studio Solution File, Format Version 12.00
# Visual Studio Version 16
VisualStudioVersion = 16.0.33529.622
MinimumVisualStudioVersion = 10.0.40219.1
Project("{FAE04EC0-301F-11D3-BF4B-00C04F79EFBC}") = "Abstraction", "Abstraction\Abstraction.csproj", "{909C9B58-FA53-4B9A-9E84-DDD0003DA181}"
EndProject
Global
	GlobalSection(SolutionConfigurationPlatforms) = preSolution
		Debug|Any CPU = Debug|Any CPU
		Release|Any CPU = Release|Any CPU
	EndGlobalSection
	GlobalSection(ProjectConfigurationPlatforms) = postSolution
		{909C9B58-FA53-4B9A-9E84-DDD0003DA181}.Debug|Any CPU.ActiveCfg = Debug|Any CPU
		{909C9B58-FA53-4B9A-9E84-DDD0003DA181}.Debug|Any CPU.Build.0 = Debug|Any CPU
		{909C9B58-FA53-4B9A-9E84-DDD0003DA181}.Release|Any CPU.ActiveCfg = Release|Any CPU
		{909C9B58-FA53-4B9A-9E84-DDD0003DA181}.Release|Any CPU.Build.0 = Release|Any CPU
	EndGlobalSection
	GlobalSection(SolutionProperties) = preSolution
		HideSolutionNode = FALSE
	EndGlobalSection
	GlobalSection(ExtensibilityGlobals) = postSolution
		SolutionGuid = {B750979C-C9C8-4087-A0B1-C8E17B195CFD}
	EndGlobalSection
EndGlobal
